
Microsoft Visual Studio Solution File, Format Version 12.00
# Visual Studio 15
VisualStudioVersion = 15.0.26730.15
MinimumVisualStudioVersion = 10.0.40219.1
Project("{FAE04EC0-301F-11D3-BF4B-00C04F79EFBC}") = "FileSearchSinceTime", "FileSearchSinceTime\FileSearchSinceTime.csproj", "{4D43CC4F-FB13-41AF-A248-B1F694A33542}"
EndProject
Project("{FAE04EC0-301F-11D3-BF4B-00C04F79EFBC}") = "FileSearchConsole", "FileSearchConsole\FileSearchConsole.csproj", "{C567F39B-87C7-4551-A3D9-DEE50BFBC75C}"
EndProject
Global
	GlobalSection(SolutionConfigurationPlatforms) = preSolution
		Debug|Any CPU = Debug|Any CPU
		Release|Any CPU = Release|Any CPU
	EndGlobalSection
	GlobalSection(ProjectConfigurationPlatforms) = postSolution
		{4D43CC4F-FB13-41AF-A248-B1F694A33542}.Debug|Any CPU.ActiveCfg = Debug|Any CPU
		{4D43CC4F-FB13-41AF-A248-B1F694A33542}.Debug|Any CPU.Build.0 = Debug|Any CPU
		{4D43CC4F-FB13-41AF-A248-B1F694A33542}.Release|Any CPU.ActiveCfg = Release|Any CPU
		{4D43CC4F-FB13-41AF-A248-B1F694A33542}.Release|Any CPU.Build.0 = Release|Any CPU
		{C567F39B-87C7-4551-A3D9-DEE50BFBC75C}.Debug|Any CPU.ActiveCfg = Debug|Any CPU
		{C567F39B-87C7-4551-A3D9-DEE50BFBC75C}.Debug|Any CPU.Build.0 = Debug|Any CPU
		{C567F39B-87C7-4551-A3D9-DEE50BFBC75C}.Release|Any CPU.ActiveCfg = Release|Any CPU
		{C567F39B-87C7-4551-A3D9-DEE50BFBC75C}.Release|Any CPU.Build.0 = Release|Any CPU
	EndGlobalSection
	GlobalSection(SolutionProperties) = preSolution
		HideSolutionNode = FALSE
	EndGlobalSection
	GlobalSection(ExtensibilityGlobals) = postSolution
		SolutionGuid = {F47E23ED-4774-4729-A96A-A36D6946DC78}
	EndGlobalSection
EndGlobal
